version = 1
revision = 3
requires-python = ">=3.0"
resolution-markers = [
    "python_full_version >= '3.9'",
    "python_full_version == '3.8.*'",
    "python_full_version == '3.7.*'",
    "python_full_version == '3.6.*'",
    "python_full_version < '3.6'",
]

[[package]]
name = "avbroot-inc-ota"
version = "0.1.0"
source = { virtual = "." }
dependencies = [
    { name = "tomlkit", version = "0.7.2", source = { registry = "https://pypi.org/simple" }, marker = "python_full_version < '3.6'" },
    { name = "tomlkit", version = "0.11.6", source = { registry = "https://pypi.org/simple" }, marker = "python_full_version == '3.6.*'" },
    { name = "tomlkit", version = "0.12.5", source = { registry = "https://pypi.org/simple" }, marker = "python_full_version == '3.7.*'" },
    { name = "tomlkit", version = "0.13.3", source = { registry = "https://pypi.org/simple" }, marker = "python_full_version == '3.8.*'" },
    { name = "tomlkit", version = "0.14.0", source = { registry = "https://pypi.org/simple" }, marker = "python_full_version >= '3.9'" },
]

[package.metadata]
requires-dist = [{ name = "tomlkit", specifier = ">=0.7.2" }]

[[package]]
name = "tomlkit"
version = "0.7.2"
source = { registry = "https://pypi.org/simple" }
resolution-markers = [
    "python_full_version < '3.6'",
]
dependencies = [
    { name = "typing", marker = "python_full_version == '3.4.*'" },
]
sdist = { url = "https://files.pythonhosted.org/packages/65/ed/7b7216101bc48627b630693b03392f33827901b81d4e1360a76515e3abc4/tomlkit-0.7.2.tar.gz", hash = "sha256:d7a454f319a7e9bd2e249f239168729327e4dd2d27b17dc68be264ad1ce36754", size = 159643, upload-time = "2021-05-20T20:28:07.937Z" }
wheels = [
    { url = "https://files.pythonhosted.org/packages/eb/ef/5bd27c1a8040874cc863c263bf38857b5607017b656943c6c93b29bc8f42/tomlkit-0.7.2-py2.py3-none-any.whl", hash = "sha256:173ad840fa5d2aac140528ca1933c29791b79a374a0861a80347f42ec9328117", size = 32644, upload-time = "2021-05-20T20:28:07.04Z" },
]

[[package]]
name = "tomlkit"
version = "0.11.6"
source = { registry = "https://pypi.org/simple" }
resolution-markers = [
    "python_full_version == '3.6.*'",
]
sdist = { url = "https://files.pythonhosted.org/packages/ff/04/58b4c11430ed4b7b8f1723a5e4f20929d59361e9b17f0872d69681fd8ffd/tomlkit-0.11.6.tar.gz", hash = "sha256:71b952e5721688937fb02cf9d354dbcf0785066149d2855e44531ebdd2b65d73", size = 188290, upload-time = "2022-10-27T08:21:17.681Z" }
wheels = [
    { url = "https://files.pythonhosted.org/packages/2b/df/971fa5db3250bb022105d17f340339370f73d502e65e687a94ca1a4c4b1f/tomlkit-0.11.6-py3-none-any.whl", hash = "sha256:07de26b0d8cfc18f871aec595fda24d95b08fef89d147caa861939f37230bf4b", size = 35901, upload-time = "2022-10-27T08:21:16.507Z" },
]

[[package]]
name = "tomlkit"
version = "0.12.5"
source = { registry = "https://pypi.org/simple" }
resolution-markers = [
    "python_full_version == '3.7.*'",
]
sdist = { url = "https://files.pythonhosted.org/packages/2b/ab/18f4c8f2bec75eb1a7aebcc52cdb02ab04fd39ff7025bb1b1c7846cc45b8/tomlkit-0.12.5.tar.gz", hash = "sha256:eef34fba39834d4d6b73c9ba7f3e4d1c417a4e56f89a7e96e090dd0d24b8fb3c", size = 191420, upload-time = "2024-05-08T13:50:19.363Z" }
wheels = [
    { url = "https://files.pythonhosted.org/packages/73/6d/b5406752c4e4ba86692b22fab0afed8b48f16bdde8f92e1d852976b61dc6/tomlkit-0.12.5-py3-none-any.whl", hash = "sha256:af914f5a9c59ed9d0762c7b64d3b5d5df007448eb9cd2edc8a46b1eafead172f", size = 37685, upload-time = "2024-05-08T13:50:17.343Z" },
]

[[package]]
name = "tomlkit"
version = "0.13.3"
source = { registry = "https://pypi.org/simple" }
resolution-markers = [
    "python_full_version == '3.8.*'",
]
sdist = { url = "https://files.pythonhosted.org/packages/cc/18/0bbf3884e9eaa38819ebe46a7bd25dcd56b67434402b66a58c4b8e552575/tomlkit-0.13.3.tar.gz", hash = "sha256:430cf247ee57df2b94ee3fbe588e71d362a941ebb545dec29b53961d61add2a1", size = 185207, upload-time = "2025-06-05T07:13:44.947Z" }
wheels = [
    { url = "https://files.pythonhosted.org/packages/bd/75/8539d011f6be8e29f339c42e633aae3cb73bffa95dd0f9adec09b9c58e85/tomlkit-0.13.3-py3-none-any.whl", hash = "sha256:c89c649d79ee40629a9fda55f8ace8c6a1b42deb912b2a8fd8d942ddadb606b0", size = 38901, upload-time = "2025-06-05T07:13:43.546Z" },
]

[[package]]
name = "tomlkit"
version = "0.14.0"
source = { registry = "https://pypi.org/simple" }
resolution-markers = [
    "python_full_version >= '3.9'",
]
sdist = { url = "https://files.pythonhosted.org/packages/c3/af/14b24e41977adb296d6bd1fb59402cf7d60ce364f90c890bd2ec65c43b5a/tomlkit-0.14.0.tar.gz", hash = "sha256:cf00efca415dbd57575befb1f6634c4f42d2d87dbba376128adb42c121b87064", size = 187167, upload-time = "2026-01-13T01:14:53.304Z" }
wheels = [
    { url = "https://files.pythonhosted.org/packages/b5/11/87d6d29fb5d237229d67973a6c9e06e048f01cf4994dee194ab0ea841814/tomlkit-0.14.0-py3-none-any.whl", hash = "sha256:592064ed85b40fa213469f81ac584f67a4f2992509a7c3ea2d632208623a3680", size = 39310, upload-time = "2026-01-13T01:14:51.965Z" },
]

[[package]]
name = "typing"
version = "3.10.0.0"
source = { registry = "https://pypi.org/simple" }
sdist = { url = "https://files.pythonhosted.org/packages/b0/1b/835d4431805939d2996f8772aca1d2313a57e8860fec0e48e8e7dfe3a477/typing-3.10.0.0.tar.gz", hash = "sha256:13b4ad211f54ddbf93e5901a9967b1e07720c1d1b78d596ac6a439641aa1b130", size = 78962, upload-time = "2021-05-01T18:03:58.186Z" }
wheels = [
    { url = "https://files.pythonhosted.org/packages/f2/5d/865e17349564eb1772688d8afc5e3081a5964c640d64d1d2880ebaed002d/typing-3.10.0.0-py3-none-any.whl", hash = "sha256:12fbdfbe7d6cca1a42e485229afcb0b0c8259258cfb919b8a5e2a5c953742f89", size = 26320, upload-time = "2021-05-01T18:03:56.398Z" },
]
